hash: 483d00dadf460d4a96a5249886f1132f98ba2b9dd18f56ccd4d805def24f5383
updated: 2016-07-14T14:29:19.797901026-07:00
imports:
- name: github.com/aws/aws-sdk-go
  version: 3c37d29820480639ff03fd66df00a0f27984f88d
  subpackages:
  - aws
  - internal/apierr
  - internal/endpoints
  - internal/protocol/ec2query
  - internal/protocol/query
  - internal/protocol/rest
  - internal/protocol/xml/xmlutil
  - internal/signer/v4
  - service/autoscaling
  - service/cloudformation
  - service/ec2
  - aws/awserr
  - aws/credentials
  - aws/awsutil
  - aws/client
  - aws/client/metadata
  - aws/request
  - aws/signer/v4
  - private/protocol
  - private/protocol/query
  - private/waiter
  - private/endpoints
  - private/protocol/ec2query
  - private/protocol/rest
  - private/protocol/query/queryutil
  - private/protocol/xml/xmlutil
- name: github.com/BurntSushi/toml
  version: 056c9bc7be7190eaa7715723883caffa5f8fa3e4
- name: github.com/go-ini/ini
  version: cf53f9204df4fbdd7ec4164b57fa6184ba168292
- name: github.com/jmespath/go-jmespath
  version: 0b12d6b521d83fc7f755e7cfc1b1fbdd35a01a74
- name: github.com/jordan-wright/email
  version: fd703108daeb23d77c124d12978e9b6c4f28f034
- name: github.com/PagerDuty/godspeed
  version: 079d1fb267ad66b7a3bd42c24013cbeb29698c3d
- name: github.com/rifflock/lfshook
  version: 05a24e24fa8d3a2eca8c2baf23aa2d5a2c51490c
- name: github.com/robfig/cron
  version: 6f2e8282a1a0d694e55a48ce7d077ee46747feeb
- name: github.com/Sirupsen/logrus
  version: 32055c351ea8b00b96d70f28db48d9840feaf0ec
- name: github.com/vaughan0/go-ini
  version: a98ad7ee00ec53921f08832bc06ecf7fd600e6a1
- name: go.mozilla.org/mozlog
  version: f4350d8f1cad600a1200703365a185c2009bf5e1
- name: go.mozilla.org/mozlogrus
  version: 011a6e72803ac0c0e4222c15de09ed6218bcda5b
- name: golang.org/x/crypto
  version: 4d48e5fa3d62b5e6e71260571bf76c767198ca02
  subpackages:
  - pbkdf2
  - scrypt
- name: golang.org/x/sys
  version: b518c298ac9dc94b6ac0757394f50d10c5dfa25a
  subpackages:
  - unix
devImports: []
