hash: 671c1a5f3ff8c38424e8a7630b81dacdf18ba12b198969859e5ce0ac8bdfbcd5
updated: 2016-03-15T16:24:01.848069539-07:00
imports:
- name: github.com/aws/aws-sdk-go
  version: 5fa0a7e63b3d9f094d7e8549ce483a190587398f
  subpackages:
  - aws
  - internal/apierr
  - internal/endpoints
  - internal/protocol/ec2query
  - internal/protocol/query
  - internal/protocol/rest
  - internal/protocol/xml/xmlutil
  - internal/signer/v4
  - service/autoscaling
  - service/cloudformation
  - service/ec2
- name: github.com/BurntSushi/toml
  version: 056c9bc7be7190eaa7715723883caffa5f8fa3e4
- name: github.com/op/go-logging
  version: e8d5414f0947014548c2334044a0fac13187dfee
- name: github.com/PagerDuty/godspeed
  version: 079d1fb267ad66b7a3bd42c24013cbeb29698c3d
- name: github.com/vaughan0/go-ini
  version: a98ad7ee00ec53921f08832bc06ecf7fd600e6a1
- name: golang.org/x/crypto
  version: 4d48e5fa3d62b5e6e71260571bf76c767198ca02
  subpackages:
  - pbkdf2
  - scrypt
devImports: []
